
Microsoft Visual Studio Solution File, Format Version 12.00
# Visual Studio Version 17
VisualStudioVersion = 17.13.35818.85 d17.13
MinimumVisualStudioVersion = 10.0.40219.1
Project("{FAE04EC0-301F-11D3-BF4B-00C04F79EFBC}") = "CountriesConsoleApp", "CountriesConsoleApp\CountriesConsoleApp.csproj", "{C8CF3159-984E-4351-9D8F-6B1E478B5CD5}"
EndProject
Project("{FAE04EC0-301F-11D3-BF4B-00C04F79EFBC}") = "CountriesClassLibrary", "CountriesClassLibrary\CountriesClassLibrary.csproj", "{BA31D47B-A68F-4950-A833-1804B2E80025}"
EndProject
Global
	GlobalSection(SolutionConfigurationPlatforms) = preSolution
		Debug|Any CPU = Debug|Any CPU
		Release|Any CPU = Release|Any CPU
	EndGlobalSection
	GlobalSection(ProjectConfigurationPlatforms) = postSolution
		{C8CF3159-984E-4351-9D8F-6B1E478B5CD5}.Debug|Any CPU.ActiveCfg = Debug|Any CPU
		{C8CF3159-984E-4351-9D8F-6B1E478B5CD5}.Debug|Any CPU.Build.0 = Debug|Any CPU
		{C8CF3159-984E-4351-9D8F-6B1E478B5CD5}.Release|Any CPU.ActiveCfg = Release|Any CPU
		{C8CF3159-984E-4351-9D8F-6B1E478B5CD5}.Release|Any CPU.Build.0 = Release|Any CPU
		{BA31D47B-A68F-4950-A833-1804B2E80025}.Debug|Any CPU.ActiveCfg = Debug|Any CPU
		{BA31D47B-A68F-4950-A833-1804B2E80025}.Debug|Any CPU.Build.0 = Debug|Any CPU
		{BA31D47B-A68F-4950-A833-1804B2E80025}.Release|Any CPU.ActiveCfg = Release|Any CPU
		{BA31D47B-A68F-4950-A833-1804B2E80025}.Release|Any CPU.Build.0 = Release|Any CPU
	EndGlobalSection
	GlobalSection(SolutionProperties) = preSolution
		HideSolutionNode = FALSE
	EndGlobalSection
	GlobalSection(ExtensibilityGlobals) = postSolution
		SolutionGuid = {593F46E5-31C0-419C-B0FC-32BBD04E6D87}
	EndGlobalSection
EndGlobal
